{
  "name": "@typescript-package/wrapper",
  "version": "0.0.1",
  "lockfileVersion": 3,
  "requires": true,
  "packages": {
    "": {
      "name": "@typescript-package/wrapper",
      "version": "0.0.1",
      "funding": [
        {
          "type": "individual",
          "url": "https://checkout.revolut.com/pay/048b10a3-0e10-42c8-a917-e3e9cb4c8e29"
        }
      ],
      "license": "MIT",
      "devDependencies": {
        "@typescript-package/core": "^1.0.0"
      }
    },
    "node_modules/@typescript-package/core": {
      "version": "1.0.0",
      "resolved": "https://registry.npmjs.org/@typescript-package/core/-/core-1.0.0.tgz",
      "integrity": "sha512-HW+g5qCKbqDtoxCa+igceaZu2wWkw/YMw28VIXSz0hs7KUURHYtkAcuIG14VkOzaYgbgd1ZRBh4LzoVIp/DWVw==",
      "dev": true,
      "funding": [
        {
          "type": "individual",
          "url": "https://checkout.revolut.com/pay/048b10a3-0e10-42c8-a917-e3e9cb4c8e29"
        }
      ],
      "license": "MIT"
    }
  }
}
